
Microsoft Visual Studio Solution File, Format Version 12.00
# Visual Studio Version 17
VisualStudioVersion = 17.0.31903.59
MinimumVisualStudioVersion = 10.0.40219.1
Project("{2150E333-8FDC-42A3-9474-1A3956D46DE8}") = "src", "src", "{BA8D2B14-A304-41D3-9CF6-5396AD436F55}"
EndProject
Project("{FAE04EC0-301F-11D3-BF4B-00C04F79EFBC}") = "AuctionService", "src\AuctionService\AuctionService.csproj", "{FC72016B-35EE-4375-8A73-323F3D7DFEAD}"
EndProject
Project("{FAE04EC0-301F-11D3-BF4B-00C04F79EFBC}") = "SearchService", "src\SearchService\SearchService.csproj", "{B96327A3-0ADD-440E-BE20-5C013AA28FAE}"
EndProject
Project("{FAE04EC0-301F-11D3-BF4B-00C04F79EFBC}") = "Contracts", "Contracts\Contracts.csproj", "{3EDF7EE4-8CA7-4DA5-BDB5-14FB10E995F1}"
EndProject
Global
	GlobalSection(SolutionConfigurationPlatforms) = preSolution
		Debug|Any CPU = Debug|Any CPU
		Release|Any CPU = Release|Any CPU
	EndGlobalSection
	GlobalSection(SolutionProperties) = preSolution
		HideSolutionNode = FALSE
	EndGlobalSection
	GlobalSection(ProjectConfigurationPlatforms) = postSolution
		{FC72016B-35EE-4375-8A73-323F3D7DFEAD}.Debug|Any CPU.ActiveCfg = Debug|Any CPU
		{FC72016B-35EE-4375-8A73-323F3D7DFEAD}.Debug|Any CPU.Build.0 = Debug|Any CPU
		{FC72016B-35EE-4375-8A73-323F3D7DFEAD}.Release|Any CPU.ActiveCfg = Release|Any CPU
		{FC72016B-35EE-4375-8A73-323F3D7DFEAD}.Release|Any CPU.Build.0 = Release|Any CPU
		{B96327A3-0ADD-440E-BE20-5C013AA28FAE}.Debug|Any CPU.ActiveCfg = Debug|Any CPU
		{B96327A3-0ADD-440E-BE20-5C013AA28FAE}.Debug|Any CPU.Build.0 = Debug|Any CPU
		{B96327A3-0ADD-440E-BE20-5C013AA28FAE}.Release|Any CPU.ActiveCfg = Release|Any CPU
		{B96327A3-0ADD-440E-BE20-5C013AA28FAE}.Release|Any CPU.Build.0 = Release|Any CPU
		{3EDF7EE4-8CA7-4DA5-BDB5-14FB10E995F1}.Debug|Any CPU.ActiveCfg = Debug|Any CPU
		{3EDF7EE4-8CA7-4DA5-BDB5-14FB10E995F1}.Debug|Any CPU.Build.0 = Debug|Any CPU
		{3EDF7EE4-8CA7-4DA5-BDB5-14FB10E995F1}.Release|Any CPU.ActiveCfg = Release|Any CPU
		{3EDF7EE4-8CA7-4DA5-BDB5-14FB10E995F1}.Release|Any CPU.Build.0 = Release|Any CPU
	EndGlobalSection
	GlobalSection(NestedProjects) = preSolution
		{FC72016B-35EE-4375-8A73-323F3D7DFEAD} = {BA8D2B14-A304-41D3-9CF6-5396AD436F55}
		{B96327A3-0ADD-440E-BE20-5C013AA28FAE} = {BA8D2B14-A304-41D3-9CF6-5396AD436F55}
	EndGlobalSection
EndGlobal
